
Microsoft Visual Studio Solution File, Format Version 12.00
# Visual Studio Version 16
VisualStudioVersion = 16.0.31624.102
MinimumVisualStudioVersion = 10.0.40219.1
Project("{9A19103F-16F7-4668-BE54-9A1E7A4F7556}") = "DataAccess", "DataAccess\DataAccess.csproj", "{FF249136-F3CE-4A73-BC1C-3ECD44675A12}"
EndProject
Project("{9A19103F-16F7-4668-BE54-9A1E7A4F7556}") = "Business", "Business\Business.csproj", "{ACBCCB26-2707-4D42-9364-7931B6112DF6}"
EndProject
Project("{9A19103F-16F7-4668-BE54-9A1E7A4F7556}") = "Entities", "Entities\Entities.csproj", "{59CD2BC2-4631-434C-A593-4EAEBB3EF0B6}"
EndProject
Project("{9A19103F-16F7-4668-BE54-9A1E7A4F7556}") = "ConsoleUI", "ConsoleUI\ConsoleUI.csproj", "{AA722BC5-F32C-46AA-A56F-1EDEC19FDB69}"
EndProject
Project("{FAE04EC0-301F-11D3-BF4B-00C04F79EFBC}") = "Core", "Core\Core.csproj", "{2088A0B7-BE72-4930-BB2D-259703529028}"
EndProject
Global
	GlobalSection(SolutionConfigurationPlatforms) = preSolution
		Debug|Any CPU = Debug|Any CPU
		Release|Any CPU = Release|Any CPU
	EndGlobalSection
	GlobalSection(ProjectConfigurationPlatforms) = postSolution
		{FF249136-F3CE-4A73-BC1C-3ECD44675A12}.Debug|Any CPU.ActiveCfg = Debug|Any CPU
		{FF249136-F3CE-4A73-BC1C-3ECD44675A12}.Debug|Any CPU.Build.0 = Debug|Any CPU
		{FF249136-F3CE-4A73-BC1C-3ECD44675A12}.Release|Any CPU.ActiveCfg = Release|Any CPU
		{FF249136-F3CE-4A73-BC1C-3ECD44675A12}.Release|Any CPU.Build.0 = Release|Any CPU
		{ACBCCB26-2707-4D42-9364-7931B6112DF6}.Debug|Any CPU.ActiveCfg = Debug|Any CPU
		{ACBCCB26-2707-4D42-9364-7931B6112DF6}.Debug|Any CPU.Build.0 = Debug|Any CPU
		{ACBCCB26-2707-4D42-9364-7931B6112DF6}.Release|Any CPU.ActiveCfg = Release|Any CPU
		{ACBCCB26-2707-4D42-9364-7931B6112DF6}.Release|Any CPU.Build.0 = Release|Any CPU
		{59CD2BC2-4631-434C-A593-4EAEBB3EF0B6}.Debug|Any CPU.ActiveCfg = Debug|Any CPU
		{59CD2BC2-4631-434C-A593-4EAEBB3EF0B6}.Debug|Any CPU.Build.0 = Debug|Any CPU
		{59CD2BC2-4631-434C-A593-4EAEBB3EF0B6}.Release|Any CPU.ActiveCfg = Release|Any CPU
		{59CD2BC2-4631-434C-A593-4EAEBB3EF0B6}.Release|Any CPU.Build.0 = Release|Any CPU
		{AA722BC5-F32C-46AA-A56F-1EDEC19FDB69}.Debug|Any CPU.ActiveCfg = Debug|Any CPU
		{AA722BC5-F32C-46AA-A56F-1EDEC19FDB69}.Debug|Any CPU.Build.0 = Debug|Any CPU
		{AA722BC5-F32C-46AA-A56F-1EDEC19FDB69}.Release|Any CPU.ActiveCfg = Release|Any CPU
		{AA722BC5-F32C-46AA-A56F-1EDEC19FDB69}.Release|Any CPU.Build.0 = Release|Any CPU
		{2088A0B7-BE72-4930-BB2D-259703529028}.Debug|Any CPU.ActiveCfg = Debug|Any CPU
		{2088A0B7-BE72-4930-BB2D-259703529028}.Debug|Any CPU.Build.0 = Debug|Any CPU
		{2088A0B7-BE72-4930-BB2D-259703529028}.Release|Any CPU.ActiveCfg = Release|Any CPU
		{2088A0B7-BE72-4930-BB2D-259703529028}.Release|Any CPU.Build.0 = Release|Any CPU
	EndGlobalSection
	GlobalSection(SolutionProperties) = preSolution
		HideSolutionNode = FALSE
	EndGlobalSection
	GlobalSection(ExtensibilityGlobals) = postSolution
		SolutionGuid = {F48CA8ED-84BE-445F-8D54-8BBC34B5B539}
	EndGlobalSection
EndGlobal
